// !$*UTF8*$!
{
	archiveVersion = 1;
	classes = {
	};
	objectVersion = 50;
	objects = {

/* Begin PBXBuildFile section */
		26F0E908233AB2CA00A8EC97 /* AppDelegate.swift in Sources */ = {isa = PBXBuildFile; fileRef = 26F0E907233AB2CA00A8EC97 /* AppDelegate.swift */; };
		26F0E90A233AB2CA00A8EC97 /* ViewController.swift in Sources */ = {isa = PBXBuildFile; fileRef = 26F0E909233AB2CA00A8EC97 /* ViewController.swift */; };
		26F0E90D233AB2CA00A8EC97 /* Main.storyboard in Resources */ = {isa = PBXBuildFile; fileRef = 26F0E90B233AB2CA00A8EC97 /* Main.storyboard */; };
		26F0E912233AB2CA00A8EC97 /* LaunchScreen.storyboard in Resources */ = {isa = PBXBuildFile; fileRef = 26F0E910233AB2CA00A8EC97 /* LaunchScreen.storyboard */; };
		26F0E91D233AB2CA00A8EC97 /* CalculatorTests.swift in Sources */ = {isa = PBXBuildFile; fileRef = 26F0E91C233AB2CA00A8EC97 /* CalculatorTests.swift */; };
		26F0E928233AB2CA00A8EC97 /* CalculatorUITests.swift in Sources */ = {isa = PBXBuildFile; fileRef = 26F0E927233AB2CA00A8EC97 /* CalculatorUITests.swift */; };
/* End PBXBuildFile section */

/* Begin PBXContainerItemProxy section */
		26F0E919233AB2CA00A8EC97 /* PBXContainerItemProxy */ = {
			isa = PBXContainerItemProxy;
			containerPortal = 26F0E8FC233AB2CA00A8EC97 /* Project object */;
			proxyType = 1;
			remoteGlobalIDString = 26F0E903233AB2CA00A8EC97;
			remoteInfo = Calculator;
		};
		26F0E924233AB2CA00A8EC97 /* PBXContainerItemProxy */ = {
			isa = PBXContainerItemProxy;
			containerPortal = 26F0E8FC233AB2CA00A8EC97 /* Project object */;
			proxyType = 1;
			remoteGlobalIDString = 26F0E903233AB2CA00A8EC97;
			remoteInfo = Calculator;
		};
/* End PBXContainerItemProxy section */

/* Begin PBXFileReference section */
		26F0E904233AB2CA00A8EC97 /* Calculator.app */ = {isa = PBXFileReference; explicitFileType = wrapper.application; includeInIndex = 0; path = Calculator.app; sourceTree = BUILT_PRODUCTS_DIR; };
		26F0E907233AB2CA00A8EC97 /* AppDelegate.swift */ = {isa = PBXFileReference; lastKnownFileType = sourcecode.swift; path = AppDelegate.swift; sourceTree = "<group>"; };
		26F0E909233AB2CA00A8EC97 /* ViewController.swift */ = {isa = PBXFileReference; lastKnownFileType = sourcecode.swift; path = ViewController.swift; sourceTree = "<group>"; };
		26F0E90C233AB2CA00A8EC97 /* Base */ = {isa = PBXFileReference; lastKnownFileType = file.storyboard; name = Base; path = Base.lproj/Main.storyboard; sourceTree = "<group>"; };
		26F0E90E233AB2CA00A8EC97 /* Assets.xcassets */ = {isa = PBXFileReference; lastKnownFileType = folder.assetcatalog; path = Assets.xcassets; sourceTree = "<group>"; };
		26F0E911233AB2CA00A8EC97 /* Base */ = {isa = PBXFileReference; lastKnownFileType = file.storyboard; name = Base; path = Base.lproj/LaunchScreen.storyboard; sourceTree = "<group>"; };
		26F0E913233AB2CA00A8EC97 /* Info.plist */ = {isa = PBXFileReference; lastKnownFileType = text.plist.xml; path = Info.plist; sourceTree = "<group>"; };
		26F0E918233AB2CA00A8EC97 /* CalculatorTests.xctest */ = {isa = PBXFileReference; explicitFileType = wrapper.cfbundle; includeInIndex = 0; path = CalculatorTests.xctest; sourceTree = BUILT_PRODUCTS_DIR; };
		26F0E91C233AB2CA00A8EC97 /* CalculatorTests.swift */ = {isa = PBXFileReference; lastKnownFileType = sourcecode.swift; path = CalculatorTests.swift; sourceTree = "<group>"; };
		26F0E91E233AB2CA00A8EC97 /* Info.plist */ = {isa = PBXFileReference; lastKnownFileType = text.plist.xml; path = Info.plist; sourceTree = "<group>"; };
		26F0E923233AB2CA00A8EC97 /* CalculatorUITests.xctest */ = {isa = PBXFileReference; explicitFileType = wrapper.cfbundle; includeInIndex = 0; path = CalculatorUITests.xctest; sourceTree = BUILT_PRODUCTS_DIR; };
		26F0E927233AB2CA00A8EC97 /* CalculatorUITests.swift */ = {isa = PBXFileReference; lastKnownFileType = sourcecode.swift; path = CalculatorUITests.swift; sourceTree = "<group>"; };
		26F0E929233AB2CA00A8EC97 /* Info.plist */ = {isa = PBXFileReference; lastKnownFileType = text.plist.xml; path = Info.plist; sourceTree = "<group>"; };
/* End PBXFileReference section */

/* Begin PBXFrameworksBuildPhase section */
		26F0E901233AB2CA00A8EC97 /* Frameworks */ = {
			isa = PBXFrameworksBuildPhase;
			buildActionMask = 2147483647;
			files = (
			);
			runOnlyForDeploymentPostprocessing = 0;
		};
		26F0E915233AB2CA00A8EC97 /* Frameworks */ = {
			isa = PBXFrameworksBuildPhase;
			buildActionMask = 2147483647;
			files = (
			);
			runOnlyForDeploymentPostprocessing = 0;
		};
		26F0E920233AB2CA00A8EC97 /* Frameworks */ = {
			isa = PBXFrameworksBuildPhase;
			buildActionMask = 2147483647;
			files = (
			);
			runOnlyForDeploymentPostprocessing = 0;
		};
/* End PBXFrameworksBuildPhase section */

/* Begin PBXGroup section */
		26F0E8FB233AB2CA00A8EC97 = {
			isa = PBXGroup;
			children = (
				26F0E906233AB2CA00A8EC97 /* Calculator */,
				26F0E91B233AB2CA00A8EC97 /* CalculatorTests */,
				26F0E926233AB2CA00A8EC97 /* CalculatorUITests */,
				26F0E905233AB2CA00A8EC97 /* Products */,
			);
			sourceTree = "<group>";
		};
		26F0E905233AB2CA00A8EC97 /* Products */ = {
			isa = PBXGroup;
			children = (
				26F0E904233AB2CA00A8EC97 /* Calculator.app */,
				26F0E918233AB2CA00A8EC97 /* CalculatorTests.xctest */,
				26F0E923233AB2CA00A8EC97 /* CalculatorUITests.xctest */,
			);
			name = Products;
			sourceTree = "<group>";
		};
		26F0E906233AB2CA00A8EC97 /* Calculator */ = {
			isa = PBXGroup;
			children = (
				26F0E907233AB2CA00A8EC97 /* AppDelegate.swift */,
				26F0E909233AB2CA00A8EC97 /* ViewController.swift */,
				26F0E90B233AB2CA00A8EC97 /* Main.storyboard */,
				26F0E90E233AB2CA00A8EC97 /* Assets.xcassets */,
				26F0E910233AB2CA00A8EC97 /* LaunchScreen.storyboard */,
				26F0E913233AB2CA00A8EC97 /* Info.plist */,
			);
			path = Calculator;
			sourceTree = "<group>";
		};
		26F0E91B233AB2CA00A8EC97 /* CalculatorTests */ = {
			isa = PBXGroup;
			children = (
				26F0E91C233AB2CA00A8EC97 /* CalculatorTests.swift */,
				26F0E91E233AB2CA00A8EC97 /* Info.plist */,
			);
			path = CalculatorTests;
			sourceTree = "<group>";
		};
		26F0E926233AB2CA00A8EC97 /* CalculatorUITests */ = {
			isa = PBXGroup;
			children = (
				26F0E927233AB2CA00A8EC97 /* CalculatorUITests.swift */,
				26F0E929233AB2CA00A8EC97 /* Info.plist */,
			);
			path = CalculatorUITests;
			sourceTree = "<group>";
		};
/* End PBXGroup section */

/* Begin PBXNativeTarget section */
		26F0E903233AB2CA00A8EC97 /* Calculator */ = {
			isa = PBXNativeTarget;
			buildConfigurationList = 26F0E92C233AB2CA00A8EC97 /* Build configuration list for PBXNativeTarget "Calculator" */;
			buildPhases = (
				26F0E900233AB2CA00A8EC97 /* Sources */,
				26F0E901233AB2CA00A8EC97 /* Frameworks */,
				26F0E902233AB2CA00A8EC97 /* Resources */,
			);
			buildRules = (
			);
			dependencies = (
			);
			name = Calculator;
			productName = Calculator;
			productReference = 26F0E904233AB2CA00A8EC97 /* Calculator.app */;
			productType = "com.apple.product-type.application";
		};
		26F0E917233AB2CA00A8EC97 /* CalculatorTests */ = {
			isa = PBXNativeTarget;
			buildConfigurationList = 26F0E92F233AB2CA00A8EC97 /* Build configuration list for PBXNativeTarget "CalculatorTests" */;
			buildPhases = (
				26F0E914233AB2CA00A8EC97 /* Sources */,
				26F0E915233AB2CA00A8EC97 /* Frameworks */,
				26F0E916233AB2CA00A8EC97 /* Resources */,
			);
			buildRules = (
			);
			dependencies = (
				26F0E91A233AB2CA00A8EC97 /* PBXTargetDependency */,
			);
			name = CalculatorTests;
			productName = CalculatorTests;
			productReference = 26F0E918233AB2CA00A8EC97 /* CalculatorTests.xctest */;
			productType = "com.apple.product-type.bundle.unit-test";
		};
		26F0E922233AB2CA00A8EC97 /* CalculatorUITests */ = {
			isa = PBXNativeTarget;
			buildConfigurationList = 26F0E932233AB2CA00A8EC97 /* Build configuration list for PBXNativeTarget "CalculatorUITests" */;
			buildPhases = (
				26F0E91F233AB2CA00A8EC97 /* Sources */,
				26F0E920233AB2CA00A8EC97 /* Frameworks */,
				26F0E921233AB2CA00A8EC97 /* Resources */,
			);
			buildRules = (
			);
			dependencies = (
				26F0E925233AB2CA00A8EC97 /* PBXTargetDependency */,
			);
			name = CalculatorUITests;
			productName = CalculatorUITests;
			productReference = 26F0E923233AB2CA00A8EC97 /* CalculatorUITests.xctest */;
			productType = "com.apple.product-type.bundle.ui-testing";
		};
/* End PBXNativeTarget section */

/* Begin PBXProject section */
		26F0E8FC233AB2CA00A8EC97 /* Project object */ = {
			isa = PBXProject;
			attributes = {
				LastSwiftUpdateCheck = 1030;
				LastUpgradeCheck = 1030;
				ORGANIZATIONNAME = "Jason Hitching";
				TargetAttributes = {
					26F0E903233AB2CA00A8EC97 = {
						CreatedOnToolsVersion = 10.3;
					};
					26F0E917233AB2CA00A8EC97 = {
						CreatedOnToolsVersion = 10.3;
						TestTargetID = 26F0E903233AB2CA00A8EC97;
					};
					26F0E922233AB2CA00A8EC97 = {
						CreatedOnToolsVersion = 10.3;
						TestTargetID = 26F0E903233AB2CA00A8EC97;
					};
				};
			};
			buildConfigurationList = 26F0E8FF233AB2CA00A8EC97 /* Build configuration list for PBXProject "Calculator" */;
			compatibilityVersion = "Xcode 9.3";
			developmentRegion = en;
			hasScannedForEncodings = 0;
			knownRegions = (
				en,
				Base,
			);
			mainGroup = 26F0E8FB233AB2CA00A8EC97;
			productRefGroup = 26F0E905233AB2CA00A8EC97 /* Products */;
			projectDirPath = "";
			projectRoot = "";
			targets = (
				26F0E903233AB2CA00A8EC97 /* Calculator */,
				26F0E917233AB2CA00A8EC97 /* CalculatorTests */,
				26F0E922233AB2CA00A8EC97 /* CalculatorUITests */,
			);
		};
/* End PBXProject section */

/* Begin PBXResourcesBuildPhase section */
		26F0E902233AB2CA00A8EC97 /* Resources */ = {
			isa = PBXResourcesBuildPhase;
			buildActionMask = 2147483647;
			files = (
				26F0E912233AB2CA00A8EC97 /* LaunchScreen.storyboard in Resources */,
				26F0E90F233AB2CA00A8EC97 /* Assets.xcassets in Resources */,
				26F0E90D233AB2CA00A8EC97 /* Main.storyboard in Resources */,
			);
			runOnlyForDeploymentPostprocessing = 0;
		};
		26F0E916233AB2CA00A8EC97 /* Resources */ = {
			isa = PBXResourcesBuildPhase;
			buildActionMask = 2147483647;
			files = (
			);
			runOnlyForDeploymentPostprocessing = 0;
		};
		26F0E921233AB2CA00A8EC97 /* Resources */ = {
			isa = PBXResourcesBuildPhase;
			buildActionMask = 2147483647;
			files = (
			);
			runOnlyForDeploymentPostprocessing = 0;
		};
/* End PBXResourcesBuildPhase section */

/* Begin PBXSourcesBuildPhase section */
		26F0E900233AB2CA00A8EC97 /* Sources */ = {
			isa = PBXSourcesBuildPhase;
			buildActionMask = 2147483647;
			files = (
				26F0E90A233AB2CA00A8EC97 /* ViewController.swift in Sources */,
				26F0E908233AB2CA00A8EC97 /* AppDelegate.swift in Sources */,
			);
			runOnlyForDeploymentPostprocessing = 0;
		};
		26F0E914233AB2CA00A8EC97 /* Sources */ = {
			isa = PBXSourcesBuildPhase;
			buildActionMask = 2147483647;
			files = (
				26F0E91D233AB2CA00A8EC97 /* CalculatorTests.swift in Sources */,
			);
			runOnlyForDeploymentPostprocessing = 0;
		};
		26F0E91F233AB2CA00A8EC97 /* Sources */ = {
			isa = PBXSourcesBuildPhase;
			buildActionMask = 2147483647;
			files = (
				26F0E928233AB2CA00A8EC97 /* CalculatorUITests.swift in Sources */,
			);
			runOnlyForDeploymentPostprocessing = 0;
		};
/* End PBXSourcesBuildPhase section */

/* Begin PBXTargetDependency section */
		26F0E91A233AB2CA00A8EC97 /* PBXTargetDependency */ = {
			isa = PBXTargetDependency;
			target = 26F0E903233AB2CA00A8EC97 /* Calculator */;
			targetProxy = 26F0E919233AB2CA00A8EC97 /* PBXContainerItemProxy */;
		};
		26F0E925233AB2CA00A8EC97 /* PBXTargetDependency */ = {
			isa = PBXTargetDependency;
			target = 26F0E903233AB2CA00A8EC97 /* Calculator */;
			targetProxy = 26F0E924233AB2CA00A8EC97 /* PBXContainerItemProxy */;
		};
/* End PBXTargetDependency section */

/* Begin PBXVariantGroup section */
		26F0E90B233AB2CA00A8EC97 /* Main.storyboard */ = {
			isa = PBXVariantGroup;
			children = (
				26F0E90C233AB2CA00A8EC97 /* Base */,
			);
			name = Main.storyboard;
			sourceTree = "<group>";
		};
		26F0E910233AB2CA00A8EC97 /* LaunchScreen.storyboard */ = {
			isa = PBXVariantGroup;
			children = (
				26F0E911233AB2CA00A8EC97 /* Base */,
			);
			name = LaunchScreen.storyboard;
			sourceTree = "<group>";
		};
/* End PBXVariantGroup section */

/* Begin XCBuildConfiguration section */
		26F0E92A233AB2CA00A8EC97 /* Debug */ = {
			isa = XCBuildConfiguration;
			buildSettings = {
				ALWAYS_SEARCH_USER_PATHS = NO;
				CLANG_ANALYZER_NONNULL = YES;
				CLANG_ANALYZER_NUMBER_OBJECT_CONVERSION = YES_AGGRESSIVE;
				CLANG_CXX_LANGUAGE_STANDARD = "gnu++14";
				CLANG_CXX_LIBRARY = "libc++";
				CLANG_ENABLE_MODULES = YES;
				CLANG_ENABLE_OBJC_ARC = YES;
				CLANG_ENABLE_OBJC_WEAK = YES;
				CLANG_WARN_BLOCK_CAPTURE_AUTORELEASING = YES;
				CLANG_WARN_BOOL_CONVERSION = YES;
				CLANG_WARN_COMMA = YES;
				CLANG_WARN_CONSTANT_CONVERSION = YES;
				CLANG_WARN_DEPRECATED_OBJC_IMPLEMENTATIONS = YES;
				CLANG_WARN_DIRECT_OBJC_ISA_USAGE = YES_ERROR;
				CLANG_WARN_DOCUMENTATION_COMMENTS = YES;
				CLANG_WARN_EMPTY_BODY = YES;
				CLANG_WARN_ENUM_CONVERSION = YES;
				CLANG_WARN_INFINITE_RECURSION = YES;
				CLANG_WARN_INT_CONVERSION = YES;
				CLANG_WARN_NON_LITERAL_NULL_CONVERSION = YES;
				CLANG_WARN_OBJC_IMPLICIT_RETAIN_SELF = YES;
				CLANG_WARN_OBJC_LITERAL_CONVERSION = YES;
				CLANG_WARN_OBJC_ROOT_CLASS = YES_ERROR;
				CLANG_WARN_RANGE_LOOP_ANALYSIS = YES;
				CLANG_WARN_STRICT_PROTOTYPES = YES;
				CLANG_WARN_SUSPICIOUS_MOVE = YES;
				CLANG_WARN_UNGUARDED_AVAILABILITY = YES_AGGRESSIVE;
				CLANG_WARN_UNREACHABLE_CODE = YES;
				CLANG_WARN__DUPLICATE_METHOD_MATCH = YES;
				CODE_SIGN_IDENTITY = "iPhone Developer";
				COPY_PHASE_STRIP = NO;
				DEBUG_INFORMATION_FORMAT = dwarf;
				ENABLE_STRICT_OBJC_MSGSEND = YES;
				ENABLE_TESTABILITY = YES;
				GCC_C_LANGUAGE_STANDARD = gnu11;
				GCC_DYNAMIC_NO_PIC = NO;
				GCC_NO_COMMON_BLOCKS = YES;
				GCC_OPTIMIZATION_LEVEL = 0;
				GCC_PREPROCESSOR_DEFINITIONS = (
					"DEBUG=1",
					"$(inherited)",
				);
				GCC_WARN_64_TO_32_BIT_CONVERSION = YES;
				GCC_WARN_ABOUT_RETURN_TYPE = YES_ERROR;
				GCC_WARN_UNDECLARED_SELECTOR = YES;
				GCC_WARN_UNINITIALIZED_AUTOS = YES_AGGRESSIVE;
				GCC_WARN_UNUSED_FUNCTION = YES;
				GCC_WARN_UNUSED_VARIABLE = YES;
				IPHONEOS_DEPLOYMENT_TARGET = 12.4;
				MTL_ENABLE_DEBUG_INFO = INCLUDE_SOURCE;
				MTL_FAST_MATH = YES;
				ONLY_ACTIVE_ARCH = YES;
				SDKROOT = iphoneos;
				SWIFT_ACTIVE_COMPILATION_CONDITIONS = DEBUG;
				SWIFT_OPTIMIZATION_LEVEL = "-Onone";
			};
			name = Debug;
		};
		26F0E92B233AB2CA00A8EC97 /* Release */ = {
			isa = XCBuildConfiguration;
			buildSettings = {
				ALWAYS_SEARCH_USER_PATHS = NO;
				CLANG_ANALYZER_NONNULL = YES;
				CLANG_ANALYZER_NUMBER_OBJECT_CONVERSION = YES_AGGRESSIVE;
				CLANG_CXX_LANGUAGE_STANDARD = "gnu++14";
				CLANG_CXX_LIBRARY = "libc++";
				CLANG_ENABLE_MODULES = YES;
				CLANG_ENABLE_OBJC_ARC = YES;
				CLANG_ENABLE_OBJC_WEAK = YES;
				CLANG_WARN_BLOCK_CAPTURE_AUTORELEASING = YES;
				CLANG_WARN_BOOL_CONVERSION = YES;
				CLANG_WARN_COMMA = YES;
				CLANG_WARN_CONSTANT_CONVERSION = YES;
				CLANG_WARN_DEPRECATED_OBJC_IMPLEMENTATIONS = YES;
				CLANG_WARN_DIRECT_OBJC_ISA_USAGE = YES_ERROR;
				CLANG_WARN_DOCUMENTATION_COMMENTS = YES;
				CLANG_WARN_EMPTY_BODY = YES;
				CLANG_WARN_ENUM_CONVERSION = YES;
				CLANG_WARN_INFINITE_RECURSION = YES;
				CLANG_WARN_INT_CONVERSION = YES;
				CLANG_WARN_NON_LITERAL_NULL_CONVERSION = YES;
				CLANG_WARN_OBJC_IMPLICIT_RETAIN_SELF = YES;
				CLANG_WARN_OBJC_LITERAL_CONVERSION = YES;
				CLANG_WARN_OBJC_ROOT_CLASS = YES_ERROR;
				CLANG_WARN_RANGE_LOOP_ANALYSIS = YES;
				CLANG_WARN_STRICT_PROTOTYPES = YES;
				CLANG_WARN_SUSPICIOUS_MOVE = YES;
				CLANG_WARN_UNGUARDED_AVAILABILITY = YES_AGGRESSIVE;
				CLANG_WARN_UNREACHABLE_CODE = YES;
				CLANG_WARN__DUPLICATE_METHOD_MATCH = YES;
				CODE_SIGN_IDENTITY = "iPhone Developer";
				COPY_PHASE_STRIP = NO;
				DEBUG_INFORMATION_FORMAT = "dwarf-with-dsym";
				ENABLE_NS_ASSERTIONS = NO;
				ENABLE_STRICT_OBJC_MSGSEND = YES;
				GCC_C_LANGUAGE_STANDARD = gnu11;
				GCC_NO_COMMON_BLOCKS = YES;
				GCC_WARN_64_TO_32_BIT_CONVERSION = YES;
				GCC_WARN_ABOUT_RETURN_TYPE = YES_ERROR;
				GCC_WARN_UNDECLARED_SELECTOR = YES;
				GCC_WARN_UNINITIALIZED_AUTOS = YES_AGGRESSIVE;
				GCC_WARN_UNUSED_FUNCTION = YES;
				GCC_WARN_UNUSED_VARIABLE = YES;
				IPHONEOS_DEPLOYMENT_TARGET = 12.4;
				MTL_ENABLE_DEBUG_INFO = NO;
				MTL_FAST_MATH = YES;
				SDKROOT = iphoneos;
				SWIFT_COMPILATION_MODE = wholemodule;
				SWIFT_OPTIMIZATION_LEVEL = "-O";
				VALIDATE_PRODUCT = YES;
			};
			name = Release;
		};
		26F0E92D233AB2CA00A8EC97 /* Debug */ = {
			isa = XCBuildConfiguration;
			buildSettings = {
				ASSETCATALOG_COMPILER_APPICON_NAME = AppIcon;
				CODE_SIGN_STYLE = Automatic;
				INFOPLIST_FILE = Calculator/Info.plist;
				LD_RUNPATH_SEARCH_PATHS = (
					"$(inherited)",
					"@executable_path/Frameworks",
				);
				PRODUCT_BUNDLE_IDENTIFIER = "-2Productions.Calculator";
				PRODUCT_NAME = "$(TARGET_NAME)";
				SWIFT_VERSION = 5.0;
				TARGETED_DEVICE_FAMILY = "1,2";
			};
			name = Debug;
		};
		26F0E92E233AB2CA00A8EC97 /* Release */ = {
			isa = XCBuildConfiguration;
			buildSettings = {
				ASSETCATALOG_COMPILER_APPICON_NAME = AppIcon;
				CODE_SIGN_STYLE = Automatic;
				INFOPLIST_FILE = Calculator/Info.plist;
				LD_RUNPATH_SEARCH_PATHS = (
					"$(inherited)",
					"@executable_path/Frameworks",
				);
				PRODUCT_BUNDLE_IDENTIFIER = "-2Productions.Calculator";
				PRODUCT_NAME = "$(TARGET_NAME)";
				SWIFT_VERSION = 5.0;
				TARGETED_DEVICE_FAMILY = "1,2";
			};
			name = Release;
		};
		26F0E930233AB2CA00A8EC97 /* Debug */ = {
			isa = XCBuildConfiguration;
			buildSettings = {
				ALWAYS_EMBED_SWIFT_STANDARD_LIBRARIES = YES;
				BUNDLE_LOADER = "$(TEST_HOST)";
				CODE_SIGN_STYLE = Automatic;
				INFOPLIST_FILE = CalculatorTests/Info.plist;
				LD_RUNPATH_SEARCH_PATHS = (
					"$(inherited)",
					"@executable_path/Frameworks",
					"@loader_path/Frameworks",
				);
				PRODUCT_BUNDLE_IDENTIFIER = "-2Productions.CalculatorTests";
				PRODUCT_NAME = "$(TARGET_NAME)";
				SWIFT_VERSION = 5.0;
				TARGETED_DEVICE_FAMILY = "1,2";
				TEST_HOST = "$(BUILT_PRODUCTS_DIR)/Calculator.app/Calculator";
			};
			name = Debug;
		};
		26F0E931233AB2CA00A8EC97 /* Release */ = {
			isa = XCBuildConfiguration;
			buildSettings = {
				ALWAYS_EMBED_SWIFT_STANDARD_LIBRARIES = YES;
				BUNDLE_LOADER = "$(TEST_HOST)";
				CODE_SIGN_STYLE = Automatic;
				INFOPLIST_FILE = CalculatorTests/Info.plist;
				LD_RUNPATH_SEARCH_PATHS = (
					"$(inherited)",
					"@executable_path/Frameworks",
					"@loader_path/Frameworks",
				);
				PRODUCT_BUNDLE_IDENTIFIER = "-2Productions.CalculatorTests";
				PRODUCT_NAME = "$(TARGET_NAME)";
				SWIFT_VERSION = 5.0;
				TARGETED_DEVICE_FAMILY = "1,2";
				TEST_HOST = "$(BUILT_PRODUCTS_DIR)/Calculator.app/Calculator";
			};
			name = Release;
		};
		26F0E933233AB2CA00A8EC97 /* Debug */ = {
			isa = XCBuildConfiguration;
			buildSettings = {
				ALWAYS_EMBED_SWIFT_STANDARD_LIBRARIES = YES;
				CODE_SIGN_STYLE = Automatic;
				INFOPLIST_FILE = CalculatorUITests/Info.plist;
				LD_RUNPATH_SEARCH_PATHS = (
					"$(inherited)",
					"@executable_path/Frameworks",
					"@loader_path/Frameworks",
				);
				PRODUCT_BUNDLE_IDENTIFIER = "-2Productions.CalculatorUITests";
				PRODUCT_NAME = "$(TARGET_NAME)";
				SWIFT_VERSION = 5.0;
				TARGETED_DEVICE_FAMILY = "1,2";
				TEST_TARGET_NAME = Calculator;
			};
			name = Debug;
		};
		26F0E934233AB2CA00A8EC97 /* Release */ = {
			isa = XCBuildConfiguration;
			buildSettings = {
				ALWAYS_EMBED_SWIFT_STANDARD_LIBRARIES = YES;
				CODE_SIGN_STYLE = Automatic;
				INFOPLIST_FILE = CalculatorUITests/Info.plist;
				LD_RUNPATH_SEARCH_PATHS = (
					"$(inherited)",
					"@executable_path/Frameworks",
					"@loader_path/Frameworks",
				);
				PRODUCT_BUNDLE_IDENTIFIER = "-2Productions.CalculatorUITests";
				PRODUCT_NAME = "$(TARGET_NAME)";
				SWIFT_VERSION = 5.0;
				TARGETED_DEVICE_FAMILY = "1,2";
				TEST_TARGET_NAME = Calculator;
			};
			name = Release;
		};
/* End XCBuildConfiguration section */

/* Begin XCConfigurationList section */
		26F0E8FF233AB2CA00A8EC97 /* Build configuration list for PBXProject "Calculator" */ = {
			isa = XCConfigurationList;
			buildConfigurations = (
				26F0E92A233AB2CA00A8EC97 /* Debug */,
				26F0E92B233AB2CA00A8EC97 /* Release */,
			);
			defaultConfigurationIsVisible = 0;
			defaultConfigurationName = Release;
		};
		26F0E92C233AB2CA00A8EC97 /* Build configuration list for PBXNativeTarget "Calculator" */ = {
			isa = XCConfigurationList;
			buildConfigurations = (
				26F0E92D233AB2CA00A8EC97 /* Debug */,
				26F0E92E233AB2CA00A8EC97 /* Release */,
			);
			defaultConfigurationIsVisible = 0;
			defaultConfigurationName = Release;
		};
		26F0E92F233AB2CA00A8EC97 /* Build configuration list for PBXNativeTarget "CalculatorTests" */ = {
			isa = XCConfigurationList;
			buildConfigurations = (
				26F0E930233AB2CA00A8EC97 /* Debug */,
				26F0E931233AB2CA00A8EC97 /* Release */,
			);
			defaultConfigurationIsVisible = 0;
			defaultConfigurationName = Release;
		};
		26F0E932233AB2CA00A8EC97 /* Build configuration list for PBXNativeTarget "CalculatorUITests" */ = {
			isa = XCConfigurationList;
			buildConfigurations = (
				26F0E933233AB2CA00A8EC97 /* Debug */,
				26F0E934233AB2CA00A8EC97 /* Release */,
			);
			defaultConfigurationIsVisible = 0;
			defaultConfigurationName = Release;
		};
/* End XCConfigurationList section */
	};
	rootObject = 26F0E8FC233AB2CA00A8EC97 /* Project object */;
}
